
Microsoft Visual Studio Solution File, Format Version 12.00
# Visual Studio 15
Project("{FAE04EC0-301F-11D3-BF4B-00C04F79EFBC}") = "AQ.App", "AQ.App.csproj", "{072D7849-43C5-21A7-84E3-220769DA3878}"
EndProject
Project("{FAE04EC0-301F-11D3-BF4B-00C04F79EFBC}") = "AQ.SharedKernel", "AQ.SharedKernel.csproj", "{C02FBED4-D790-F417-BBE7-B5B5A8357A3D}"
EndProject
Project("{FAE04EC0-301F-11D3-BF4B-00C04F79EFBC}") = "Assembly-CSharp", "Assembly-CSharp.csproj", "{C2C64A44-AB2C-916F-65CB-C60991A40DAF}"
EndProject
Project("{FAE04EC0-301F-11D3-BF4B-00C04F79EFBC}") = "AQ.Editor", "AQ.Editor.csproj", "{64DB3417-67AC-B39B-9945-0A01A550D3CC}"
EndProject
Project("{FAE04EC0-301F-11D3-BF4B-00C04F79EFBC}") = "AQ.Tests", "AQ.Tests.csproj", "{F9179262-061F-DB22-F79A-867E3CFE95DE}"
EndProject
Project("{FAE04EC0-301F-11D3-BF4B-00C04F79EFBC}") = "GoogleMobileAds.Editor", "GoogleMobileAds.Editor.csproj", "{1B9BCB04-68B2-CBFF-38FF-AD6F9D99D908}"
EndProject
Project("{FAE04EC0-301F-11D3-BF4B-00C04F79EFBC}") = "com.aq.sharedkernel.tests", "com.aq.sharedkernel.tests.csproj", "{536408DF-2BB5-BE54-CD1D-16E1798A3A27}"
EndProject
Project("{FAE04EC0-301F-11D3-BF4B-00C04F79EFBC}") = "AQ.PlayModeNew.Tests", "AQ.PlayModeNew.Tests.csproj", "{265C4172-C165-8F65-425B-73D2E3F12A6B}"
EndProject
Project("{FAE04EC0-301F-11D3-BF4B-00C04F79EFBC}") = "Assembly-CSharp-Editor", "Assembly-CSharp-Editor.csproj", "{0D52A48B-0218-F666-9660-75C23D10B736}"
EndProject
Global
	GlobalSection(SolutionConfigurationPlatforms) = preSolution
		Debug|Any CPU = Debug|Any CPU
		Release|Any CPU = Release|Any CPU
	EndGlobalSection
	GlobalSection(ProjectConfigurationPlatforms) = postSolution
		{072D7849-43C5-21A7-84E3-220769DA3878}.Debug|Any CPU.ActiveCfg = Debug|Any CPU
		{072D7849-43C5-21A7-84E3-220769DA3878}.Debug|Any CPU.Build.0 = Debug|Any CPU
		{072D7849-43C5-21A7-84E3-220769DA3878}.Release|Any CPU.ActiveCfg = Release|Any CPU
		{072D7849-43C5-21A7-84E3-220769DA3878}.Release|Any CPU.Build.0 = Release|Any CPU
		{C02FBED4-D790-F417-BBE7-B5B5A8357A3D}.Debug|Any CPU.ActiveCfg = Debug|Any CPU
		{C02FBED4-D790-F417-BBE7-B5B5A8357A3D}.Debug|Any CPU.Build.0 = Debug|Any CPU
		{C02FBED4-D790-F417-BBE7-B5B5A8357A3D}.Release|Any CPU.ActiveCfg = Release|Any CPU
		{C02FBED4-D790-F417-BBE7-B5B5A8357A3D}.Release|Any CPU.Build.0 = Release|Any CPU
		{C2C64A44-AB2C-916F-65CB-C60991A40DAF}.Debug|Any CPU.ActiveCfg = Debug|Any CPU
		{C2C64A44-AB2C-916F-65CB-C60991A40DAF}.Debug|Any CPU.Build.0 = Debug|Any CPU
		{C2C64A44-AB2C-916F-65CB-C60991A40DAF}.Release|Any CPU.ActiveCfg = Release|Any CPU
		{C2C64A44-AB2C-916F-65CB-C60991A40DAF}.Release|Any CPU.Build.0 = Release|Any CPU
		{64DB3417-67AC-B39B-9945-0A01A550D3CC}.Debug|Any CPU.ActiveCfg = Debug|Any CPU
		{64DB3417-67AC-B39B-9945-0A01A550D3CC}.Debug|Any CPU.Build.0 = Debug|Any CPU
		{64DB3417-67AC-B39B-9945-0A01A550D3CC}.Release|Any CPU.ActiveCfg = Release|Any CPU
		{64DB3417-67AC-B39B-9945-0A01A550D3CC}.Release|Any CPU.Build.0 = Release|Any CPU
		{F9179262-061F-DB22-F79A-867E3CFE95DE}.Debug|Any CPU.ActiveCfg = Debug|Any CPU
		{F9179262-061F-DB22-F79A-867E3CFE95DE}.Debug|Any CPU.Build.0 = Debug|Any CPU
		{F9179262-061F-DB22-F79A-867E3CFE95DE}.Release|Any CPU.ActiveCfg = Release|Any CPU
		{F9179262-061F-DB22-F79A-867E3CFE95DE}.Release|Any CPU.Build.0 = Release|Any CPU
		{1B9BCB04-68B2-CBFF-38FF-AD6F9D99D908}.Debug|Any CPU.ActiveCfg = Debug|Any CPU
		{1B9BCB04-68B2-CBFF-38FF-AD6F9D99D908}.Debug|Any CPU.Build.0 = Debug|Any CPU
		{1B9BCB04-68B2-CBFF-38FF-AD6F9D99D908}.Release|Any CPU.ActiveCfg = Release|Any CPU
		{1B9BCB04-68B2-CBFF-38FF-AD6F9D99D908}.Release|Any CPU.Build.0 = Release|Any CPU
		{536408DF-2BB5-BE54-CD1D-16E1798A3A27}.Debug|Any CPU.ActiveCfg = Debug|Any CPU
		{536408DF-2BB5-BE54-CD1D-16E1798A3A27}.Debug|Any CPU.Build.0 = Debug|Any CPU
		{536408DF-2BB5-BE54-CD1D-16E1798A3A27}.Release|Any CPU.ActiveCfg = Release|Any CPU
		{536408DF-2BB5-BE54-CD1D-16E1798A3A27}.Release|Any CPU.Build.0 = Release|Any CPU
		{265C4172-C165-8F65-425B-73D2E3F12A6B}.Debug|Any CPU.ActiveCfg = Debug|Any CPU
		{265C4172-C165-8F65-425B-73D2E3F12A6B}.Debug|Any CPU.Build.0 = Debug|Any CPU
		{265C4172-C165-8F65-425B-73D2E3F12A6B}.Release|Any CPU.ActiveCfg = Release|Any CPU
		{265C4172-C165-8F65-425B-73D2E3F12A6B}.Release|Any CPU.Build.0 = Release|Any CPU
		{0D52A48B-0218-F666-9660-75C23D10B736}.Debug|Any CPU.ActiveCfg = Debug|Any CPU
		{0D52A48B-0218-F666-9660-75C23D10B736}.Debug|Any CPU.Build.0 = Debug|Any CPU
		{0D52A48B-0218-F666-9660-75C23D10B736}.Release|Any CPU.ActiveCfg = Release|Any CPU
		{0D52A48B-0218-F666-9660-75C23D10B736}.Release|Any CPU.Build.0 = Release|Any CPU
	EndGlobalSection
	GlobalSection(SolutionProperties) = preSolution
		HideSolutionNode = FALSE
	EndGlobalSection
EndGlobal
