
Microsoft Visual Studio Solution File, Format Version 12.00
# Visual Studio 15
Project("{FAE04EC0-301F-11D3-BF4B-00C04F79EFBC}") = "AQ30.Presentation", "AQ30.Presentation.csproj", "{488666F5-E57B-57DD-D556-23BA83C3C55D}"
EndProject
Project("{FAE04EC0-301F-11D3-BF4B-00C04F79EFBC}") = "AQ30.Tests.PlayMode", "AQ30.Tests.PlayMode.csproj", "{2D30020F-9D12-9972-932A-9B0B7F1A90FF}"
EndProject
Project("{FAE04EC0-301F-11D3-BF4B-00C04F79EFBC}") = "AQ30.Tests.EditMode", "AQ30.Tests.EditMode.csproj", "{7CA59495-5C21-B5B5-D686-98A0C37194CE}"
EndProject
Project("{FAE04EC0-301F-11D3-BF4B-00C04F79EFBC}") = "AQ30.Domain", "AQ30.Domain.csproj", "{B9495843-24A5-FB25-A35C-6E3805760158}"
EndProject
Project("{FAE04EC0-301F-11D3-BF4B-00C04F79EFBC}") = "AQ30.Infrastructure", "AQ30.Infrastructure.csproj", "{633148D5-EE2F-6F6A-FC27-9C16FA75102F}"
EndProject
Project("{FAE04EC0-301F-11D3-BF4B-00C04F79EFBC}") = "AQ30.SharedKernel", "AQ30.SharedKernel.csproj", "{D3B306BF-EBDE-28E8-9B38-DD476CFC0E80}"
EndProject
Global
	GlobalSection(SolutionConfigurationPlatforms) = preSolution
		Debug|Any CPU = Debug|Any CPU
		Release|Any CPU = Release|Any CPU
	EndGlobalSection
	GlobalSection(ProjectConfigurationPlatforms) = postSolution
		{488666F5-E57B-57DD-D556-23BA83C3C55D}.Debug|Any CPU.ActiveCfg = Debug|Any CPU
		{488666F5-E57B-57DD-D556-23BA83C3C55D}.Debug|Any CPU.Build.0 = Debug|Any CPU
		{488666F5-E57B-57DD-D556-23BA83C3C55D}.Release|Any CPU.ActiveCfg = Release|Any CPU
		{488666F5-E57B-57DD-D556-23BA83C3C55D}.Release|Any CPU.Build.0 = Release|Any CPU
		{2D30020F-9D12-9972-932A-9B0B7F1A90FF}.Debug|Any CPU.ActiveCfg = Debug|Any CPU
		{2D30020F-9D12-9972-932A-9B0B7F1A90FF}.Debug|Any CPU.Build.0 = Debug|Any CPU
		{2D30020F-9D12-9972-932A-9B0B7F1A90FF}.Release|Any CPU.ActiveCfg = Release|Any CPU
		{2D30020F-9D12-9972-932A-9B0B7F1A90FF}.Release|Any CPU.Build.0 = Release|Any CPU
		{7CA59495-5C21-B5B5-D686-98A0C37194CE}.Debug|Any CPU.ActiveCfg = Debug|Any CPU
		{7CA59495-5C21-B5B5-D686-98A0C37194CE}.Debug|Any CPU.Build.0 = Debug|Any CPU
		{7CA59495-5C21-B5B5-D686-98A0C37194CE}.Release|Any CPU.ActiveCfg = Release|Any CPU
		{7CA59495-5C21-B5B5-D686-98A0C37194CE}.Release|Any CPU.Build.0 = Release|Any CPU
		{B9495843-24A5-FB25-A35C-6E3805760158}.Debug|Any CPU.ActiveCfg = Debug|Any CPU
		{B9495843-24A5-FB25-A35C-6E3805760158}.Debug|Any CPU.Build.0 = Debug|Any CPU
		{B9495843-24A5-FB25-A35C-6E3805760158}.Release|Any CPU.ActiveCfg = Release|Any CPU
		{B9495843-24A5-FB25-A35C-6E3805760158}.Release|Any CPU.Build.0 = Release|Any CPU
		{633148D5-EE2F-6F6A-FC27-9C16FA75102F}.Debug|Any CPU.ActiveCfg = Debug|Any CPU
		{633148D5-EE2F-6F6A-FC27-9C16FA75102F}.Debug|Any CPU.Build.0 = Debug|Any CPU
		{633148D5-EE2F-6F6A-FC27-9C16FA75102F}.Release|Any CPU.ActiveCfg = Release|Any CPU
		{633148D5-EE2F-6F6A-FC27-9C16FA75102F}.Release|Any CPU.Build.0 = Release|Any CPU
		{D3B306BF-EBDE-28E8-9B38-DD476CFC0E80}.Debug|Any CPU.ActiveCfg = Debug|Any CPU
		{D3B306BF-EBDE-28E8-9B38-DD476CFC0E80}.Debug|Any CPU.Build.0 = Debug|Any CPU
		{D3B306BF-EBDE-28E8-9B38-DD476CFC0E80}.Release|Any CPU.ActiveCfg = Release|Any CPU
		{D3B306BF-EBDE-28E8-9B38-DD476CFC0E80}.Release|Any CPU.Build.0 = Release|Any CPU
	EndGlobalSection
	GlobalSection(SolutionProperties) = preSolution
		HideSolutionNode = FALSE
	EndGlobalSection
EndGlobal
